// !$*UTF8*$!
{
	archiveVersion = 1;
	classes = {
	};
	objectVersion = 46;
	objects = {

/* Begin PBXBuildFile section */
		85EF681F1C0C2B08003EB749 /* main.m in Sources */ = {isa = PBXBuildFile; fileRef = 85EF681E1C0C2B08003EB749 /* main.m */; };
		85EF68221C0C2B08003EB749 /* AppDelegate.m in Sources */ = {isa = PBXBuildFile; fileRef = 85EF68211C0C2B08003EB749 /* AppDelegate.m */; };
		85EF68251C0C2B08003EB749 /* ViewController.m in Sources */ = {isa = PBXBuildFile; fileRef = 85EF68241C0C2B08003EB749 /* ViewController.m */; };
		85EF68281C0C2B08003EB749 /* Main.storyboard in Resources */ = {isa = PBXBuildFile; fileRef = 85EF68261C0C2B08003EB749 /* Main.storyboard */; };
		85EF682A1C0C2B08003EB749 /* Assets.xcassets in Resources */ = {isa = PBXBuildFile; fileRef = 85EF68291C0C2B08003EB749 /* Assets.xcassets */; };
		85EF682D1C0C2B08003EB749 /* LaunchScreen.storyboard in Resources */ = {isa = PBXBuildFile; fileRef = 85EF682B1C0C2B08003EB749 /* LaunchScreen.storyboard */; };
		85EF68381C0C2B08003EB749 /* Day02_____Tests.m in Sources */ = {isa = PBXBuildFile; fileRef = 85EF68371C0C2B08003EB749 /* Day02_____Tests.m */; };
		85EF68431C0C2B08003EB749 /* Day02_____UITests.m in Sources */ = {isa = PBXBuildFile; fileRef = 85EF68421C0C2B08003EB749 /* Day02_____UITests.m */; };
/* End PBXBuildFile section */

/* Begin PBXContainerItemProxy section */
		85EF68341C0C2B08003EB749 /* PBXContainerItemProxy */ = {
			isa = PBXContainerItemProxy;
			containerPortal = 85EF68121C0C2B08003EB749 /* Project object */;
			proxyType = 1;
			remoteGlobalIDString = 85EF68191C0C2B08003EB749;
			remoteInfo = "Day02_插件测试";
		};
		85EF683F1C0C2B08003EB749 /* PBXContainerItemProxy */ = {
			isa = PBXContainerItemProxy;
			containerPortal = 85EF68121C0C2B08003EB749 /* Project object */;
			proxyType = 1;
			remoteGlobalIDString = 85EF68191C0C2B08003EB749;
			remoteInfo = "Day02_插件测试";
		};
/* End PBXContainerItemProxy section */

/* Begin PBXFileReference section */
		85EF681A1C0C2B08003EB749 /* Day02_插件测试.app */ = {isa = PBXFileReference; explicitFileType = wrapper.application; includeInIndex = 0; path = "Day02_插件测试.app"; sourceTree = BUILT_PRODUCTS_DIR; };
		85EF681E1C0C2B08003EB749 /* main.m */ = {isa = PBXFileReference; lastKnownFileType = sourcecode.c.objc; path = main.m; sourceTree = "<group>"; };
		85EF68201C0C2B08003EB749 /* AppDelegate.h */ = {isa = PBXFileReference; lastKnownFileType = sourcecode.c.h; path = AppDelegate.h; sourceTree = "<group>"; };
		85EF68211C0C2B08003EB749 /* AppDelegate.m */ = {isa = PBXFileReference; lastKnownFileType = sourcecode.c.objc; path = AppDelegate.m; sourceTree = "<group>"; };
		85EF68231C0C2B08003EB749 /* ViewController.h */ = {isa = PBXFileReference; lastKnownFileType = sourcecode.c.h; path = ViewController.h; sourceTree = "<group>"; };
		85EF68241C0C2B08003EB749 /* ViewController.m */ = {isa = PBXFileReference; lastKnownFileType = sourcecode.c.objc; path = ViewController.m; sourceTree = "<group>"; };
		85EF68271C0C2B08003EB749 /* Base */ = {isa = PBXFileReference; lastKnownFileType = file.storyboard; name = Base; path = Base.lproj/Main.storyboard; sourceTree = "<group>"; };
		85EF68291C0C2B08003EB749 /* Assets.xcassets */ = {isa = PBXFileReference; lastKnownFileType = folder.assetcatalog; path = Assets.xcassets; sourceTree = "<group>"; };
		85EF682C1C0C2B08003EB749 /* Base */ = {isa = PBXFileReference; lastKnownFileType = file.storyboard; name = Base; path = Base.lproj/LaunchScreen.storyboard; sourceTree = "<group>"; };
		85EF682E1C0C2B08003EB749 /* Info.plist */ = {isa = PBXFileReference; lastKnownFileType = text.plist.xml; path = Info.plist; sourceTree = "<group>"; };
		85EF68331C0C2B08003EB749 /* Day02_插件测试Tests.xctest */ = {isa = PBXFileReference; explicitFileType = wrapper.cfbundle; includeInIndex = 0; path = "Day02_插件测试Tests.xctest"; sourceTree = BUILT_PRODUCTS_DIR; };
		85EF68371C0C2B08003EB749 /* Day02_____Tests.m */ = {isa = PBXFileReference; lastKnownFileType = sourcecode.c.objc; path = "Day02_____Tests.m"; sourceTree = "<group>"; };
		85EF68391C0C2B08003EB749 /* Info.plist */ = {isa = PBXFileReference; lastKnownFileType = text.plist.xml; path = Info.plist; sourceTree = "<group>"; };
		85EF683E1C0C2B08003EB749 /* Day02_插件测试UITests.xctest */ = {isa = PBXFileReference; explicitFileType = wrapper.cfbundle; includeInIndex = 0; path = "Day02_插件测试UITests.xctest"; sourceTree = BUILT_PRODUCTS_DIR; };
		85EF68421C0C2B08003EB749 /* Day02_____UITests.m */ = {isa = PBXFileReference; lastKnownFileType = sourcecode.c.objc; path = "Day02_____UITests.m"; sourceTree = "<group>"; };
		85EF68441C0C2B08003EB749 /* Info.plist */ = {isa = PBXFileReference; lastKnownFileType = text.plist.xml; path = Info.plist; sourceTree = "<group>"; };
/* End PBXFileReference section */

/* Begin PBXFrameworksBuildPhase section */
		85EF68171C0C2B08003EB749 /* Frameworks */ = {
			isa = PBXFrameworksBuildPhase;
			buildActionMask = 2147483647;
			files = (
			);
			runOnlyForDeploymentPostprocessing = 0;
		};
		85EF68301C0C2B08003EB749 /* Frameworks */ = {
			isa = PBXFrameworksBuildPhase;
			buildActionMask = 2147483647;
			files = (
			);
			runOnlyForDeploymentPostprocessing = 0;
		};
		85EF683B1C0C2B08003EB749 /* Frameworks */ = {
			isa = PBXFrameworksBuildPhase;
			buildActionMask = 2147483647;
			files = (
			);
			runOnlyForDeploymentPostprocessing = 0;
		};
/* End PBXFrameworksBuildPhase section */

/* Begin PBXGroup section */
		85EF68111C0C2B08003EB749 = {
			isa = PBXGroup;
			children = (
				85EF681C1C0C2B08003EB749 /* Day02_插件测试 */,
				85EF68361C0C2B08003EB749 /* Day02_插件测试Tests */,
				85EF68411C0C2B08003EB749 /* Day02_插件测试UITests */,
				85EF681B1C0C2B08003EB749 /* Products */,
			);
			sourceTree = "<group>";
		};
		85EF681B1C0C2B08003EB749 /* Products */ = {
			isa = PBXGroup;
			children = (
				85EF681A1C0C2B08003EB749 /* Day02_插件测试.app */,
				85EF68331C0C2B08003EB749 /* Day02_插件测试Tests.xctest */,
				85EF683E1C0C2B08003EB749 /* Day02_插件测试UITests.xctest */,
			);
			name = Products;
			sourceTree = "<group>";
		};
		85EF681C1C0C2B08003EB749 /* Day02_插件测试 */ = {
			isa = PBXGroup;
			children = (
				85EF68201C0C2B08003EB749 /* AppDelegate.h */,
				85EF68211C0C2B08003EB749 /* AppDelegate.m */,
				85EF68231C0C2B08003EB749 /* ViewController.h */,
				85EF68241C0C2B08003EB749 /* ViewController.m */,
				85EF68261C0C2B08003EB749 /* Main.storyboard */,
				85EF68291C0C2B08003EB749 /* Assets.xcassets */,
				85EF682B1C0C2B08003EB749 /* LaunchScreen.storyboard */,
				85EF682E1C0C2B08003EB749 /* Info.plist */,
				85EF681D1C0C2B08003EB749 /* Supporting Files */,
			);
			path = "Day02_插件测试";
			sourceTree = "<group>";
		};
		85EF681D1C0C2B08003EB749 /* Supporting Files */ = {
			isa = PBXGroup;
			children = (
				85EF681E1C0C2B08003EB749 /* main.m */,
			);
			name = "Supporting Files";
			sourceTree = "<group>";
		};
		85EF68361C0C2B08003EB749 /* Day02_插件测试Tests */ = {
			isa = PBXGroup;
			children = (
				85EF68371C0C2B08003EB749 /* Day02_____Tests.m */,
				85EF68391C0C2B08003EB749 /* Info.plist */,
			);
			path = "Day02_插件测试Tests";
			sourceTree = "<group>";
		};
		85EF68411C0C2B08003EB749 /* Day02_插件测试UITests */ = {
			isa = PBXGroup;
			children = (
				85EF68421C0C2B08003EB749 /* Day02_____UITests.m */,
				85EF68441C0C2B08003EB749 /* Info.plist */,
			);
			path = "Day02_插件测试UITests";
			sourceTree = "<group>";
		};
/* End PBXGroup section */

/* Begin PBXNativeTarget section */
		85EF68191C0C2B08003EB749 /* Day02_插件测试 */ = {
			isa = PBXNativeTarget;
			buildConfigurationList = 85EF68471C0C2B08003EB749 /* Build configuration list for PBXNativeTarget "Day02_插件测试" */;
			buildPhases = (
				85EF68161C0C2B08003EB749 /* Sources */,
				85EF68171C0C2B08003EB749 /* Frameworks */,
				85EF68181C0C2B08003EB749 /* Resources */,
			);
			buildRules = (
			);
			dependencies = (
			);
			name = "Day02_插件测试";
			productName = "Day02_插件测试";
			productReference = 85EF681A1C0C2B08003EB749 /* Day02_插件测试.app */;
			productType = "com.apple.product-type.application";
		};
		85EF68321C0C2B08003EB749 /* Day02_插件测试Tests */ = {
			isa = PBXNativeTarget;
			buildConfigurationList = 85EF684A1C0C2B08003EB749 /* Build configuration list for PBXNativeTarget "Day02_插件测试Tests" */;
			buildPhases = (
				85EF682F1C0C2B08003EB749 /* Sources */,
				85EF68301C0C2B08003EB749 /* Frameworks */,
				85EF68311C0C2B08003EB749 /* Resources */,
			);
			buildRules = (
			);
			dependencies = (
				85EF68351C0C2B08003EB749 /* PBXTargetDependency */,
			);
			name = "Day02_插件测试Tests";
			productName = "Day02_插件测试Tests";
			productReference = 85EF68331C0C2B08003EB749 /* Day02_插件测试Tests.xctest */;
			productType = "com.apple.product-type.bundle.unit-test";
		};
		85EF683D1C0C2B08003EB749 /* Day02_插件测试UITests */ = {
			isa = PBXNativeTarget;
			buildConfigurationList = 85EF684D1C0C2B08003EB749 /* Build configuration list for PBXNativeTarget "Day02_插件测试UITests" */;
			buildPhases = (
				85EF683A1C0C2B08003EB749 /* Sources */,
				85EF683B1C0C2B08003EB749 /* Frameworks */,
				85EF683C1C0C2B08003EB749 /* Resources */,
			);
			buildRules = (
			);
			dependencies = (
				85EF68401C0C2B08003EB749 /* PBXTargetDependency */,
			);
			name = "Day02_插件测试UITests";
			productName = "Day02_插件测试UITests";
			productReference = 85EF683E1C0C2B08003EB749 /* Day02_插件测试UITests.xctest */;
			productType = "com.apple.product-type.bundle.ui-testing";
		};
/* End PBXNativeTarget section */

/* Begin PBXProject section */
		85EF68121C0C2B08003EB749 /* Project object */ = {
			isa = PBXProject;
			attributes = {
				LastUpgradeCheck = 0710;
				ORGANIZATIONNAME = tarena;
				TargetAttributes = {
					85EF68191C0C2B08003EB749 = {
						CreatedOnToolsVersion = 7.1;
					};
					85EF68321C0C2B08003EB749 = {
						CreatedOnToolsVersion = 7.1;
						TestTargetID = 85EF68191C0C2B08003EB749;
					};
					85EF683D1C0C2B08003EB749 = {
						CreatedOnToolsVersion = 7.1;
						TestTargetID = 85EF68191C0C2B08003EB749;
					};
				};
			};
			buildConfigurationList = 85EF68151C0C2B08003EB749 /* Build configuration list for PBXProject "Day02_插件测试" */;
			compatibilityVersion = "Xcode 3.2";
			developmentRegion = English;
			hasScannedForEncodings = 0;
			knownRegions = (
				en,
				Base,
			);
			mainGroup = 85EF68111C0C2B08003EB749;
			productRefGroup = 85EF681B1C0C2B08003EB749 /* Products */;
			projectDirPath = "";
			projectRoot = "";
			targets = (
				85EF68191C0C2B08003EB749 /* Day02_插件测试 */,
				85EF68321C0C2B08003EB749 /* Day02_插件测试Tests */,
				85EF683D1C0C2B08003EB749 /* Day02_插件测试UITests */,
			);
		};
/* End PBXProject section */

/* Begin PBXResourcesBuildPhase section */
		85EF68181C0C2B08003EB749 /* Resources */ = {
			isa = PBXResourcesBuildPhase;
			buildActionMask = 2147483647;
			files = (
				85EF682D1C0C2B08003EB749 /* LaunchScreen.storyboard in Resources */,
				85EF682A1C0C2B08003EB749 /* Assets.xcassets in Resources */,
				85EF68281C0C2B08003EB749 /* Main.storyboard in Resources */,
			);
			runOnlyForDeploymentPostprocessing = 0;
		};
		85EF68311C0C2B08003EB749 /* Resources */ = {
			isa = PBXResourcesBuildPhase;
			buildActionMask = 2147483647;
			files = (
			);
			runOnlyForDeploymentPostprocessing = 0;
		};
		85EF683C1C0C2B08003EB749 /* Resources */ = {
			isa = PBXResourcesBuildPhase;
			buildActionMask = 2147483647;
			files = (
			);
			runOnlyForDeploymentPostprocessing = 0;
		};
/* End PBXResourcesBuildPhase section */

/* Begin PBXSourcesBuildPhase section */
		85EF68161C0C2B08003EB749 /* Sources */ = {
			isa = PBXSourcesBuildPhase;
			buildActionMask = 2147483647;
			files = (
				85EF68251C0C2B08003EB749 /* ViewController.m in Sources */,
				85EF68221C0C2B08003EB749 /* AppDelegate.m in Sources */,
				85EF681F1C0C2B08003EB749 /* main.m in Sources */,
			);
			runOnlyForDeploymentPostprocessing = 0;
		};
		85EF682F1C0C2B08003EB749 /* Sources */ = {
			isa = PBXSourcesBuildPhase;
			buildActionMask = 2147483647;
			files = (
				85EF68381C0C2B08003EB749 /* Day02_____Tests.m in Sources */,
			);
			runOnlyForDeploymentPostprocessing = 0;
		};
		85EF683A1C0C2B08003EB749 /* Sources */ = {
			isa = PBXSourcesBuildPhase;
			buildActionMask = 2147483647;
			files = (
				85EF68431C0C2B08003EB749 /* Day02_____UITests.m in Sources */,
			);
			runOnlyForDeploymentPostprocessing = 0;
		};
/* End PBXSourcesBuildPhase section */

/* Begin PBXTargetDependency section */
		85EF68351C0C2B08003EB749 /* PBXTargetDependency */ = {
			isa = PBXTargetDependency;
			target = 85EF68191C0C2B08003EB749 /* Day02_插件测试 */;
			targetProxy = 85EF68341C0C2B08003EB749 /* PBXContainerItemProxy */;
		};
		85EF68401C0C2B08003EB749 /* PBXTargetDependency */ = {
			isa = PBXTargetDependency;
			target = 85EF68191C0C2B08003EB749 /* Day02_插件测试 */;
			targetProxy = 85EF683F1C0C2B08003EB749 /* PBXContainerItemProxy */;
		};
/* End PBXTargetDependency section */

/* Begin PBXVariantGroup section */
		85EF68261C0C2B08003EB749 /* Main.storyboard */ = {
			isa = PBXVariantGroup;
			children = (
				85EF68271C0C2B08003EB749 /* Base */,
			);
			name = Main.storyboard;
			sourceTree = "<group>";
		};
		85EF682B1C0C2B08003EB749 /* LaunchScreen.storyboard */ = {
			isa = PBXVariantGroup;
			children = (
				85EF682C1C0C2B08003EB749 /* Base */,
			);
			name = LaunchScreen.storyboard;
			sourceTree = "<group>";
		};
/* End PBXVariantGroup section */

/* Begin XCBuildConfiguration section */
		85EF68451C0C2B08003EB749 /* Debug */ = {
			isa = XCBuildConfiguration;
			buildSettings = {
				ALWAYS_SEARCH_USER_PATHS = NO;
				CLANG_CXX_LANGUAGE_STANDARD = "gnu++0x";
				CLANG_CXX_LIBRARY = "libc++";
				CLANG_ENABLE_MODULES = YES;
				CLANG_ENABLE_OBJC_ARC = YES;
				CLANG_WARN_BOOL_CONVERSION = YES;
				CLANG_WARN_CONSTANT_CONVERSION = YES;
				CLANG_WARN_DIRECT_OBJC_ISA_USAGE = YES_ERROR;
				CLANG_WARN_EMPTY_BODY = YES;
				CLANG_WARN_ENUM_CONVERSION = YES;
				CLANG_WARN_INT_CONVERSION = YES;
				CLANG_WARN_OBJC_ROOT_CLASS = YES_ERROR;
				CLANG_WARN_UNREACHABLE_CODE = YES;
				CLANG_WARN__DUPLICATE_METHOD_MATCH = YES;
				"CODE_SIGN_IDENTITY[sdk=iphoneos*]" = "iPhone Developer";
				COPY_PHASE_STRIP = NO;
				DEBUG_INFORMATION_FORMAT = dwarf;
				ENABLE_STRICT_OBJC_MSGSEND = YES;
				ENABLE_TESTABILITY = YES;
				GCC_C_LANGUAGE_STANDARD = gnu99;
				GCC_DYNAMIC_NO_PIC = NO;
				GCC_NO_COMMON_BLOCKS = YES;
				GCC_OPTIMIZATION_LEVEL = 0;
				GCC_PREPROCESSOR_DEFINITIONS = (
					"DEBUG=1",
					"$(inherited)",
				);
				GCC_WARN_64_TO_32_BIT_CONVERSION = YES;
				GCC_WARN_ABOUT_RETURN_TYPE = YES_ERROR;
				GCC_WARN_UNDECLARED_SELECTOR = YES;
				GCC_WARN_UNINITIALIZED_AUTOS = YES_AGGRESSIVE;
				GCC_WARN_UNUSED_FUNCTION = YES;
				GCC_WARN_UNUSED_VARIABLE = YES;
				IPHONEOS_DEPLOYMENT_TARGET = 9.1;
				MTL_ENABLE_DEBUG_INFO = YES;
				ONLY_ACTIVE_ARCH = YES;
				SDKROOT = iphoneos;
			};
			name = Debug;
		};
		85EF68461C0C2B08003EB749 /* Release */ = {
			isa = XCBuildConfiguration;
			buildSettings = {
				ALWAYS_SEARCH_USER_PATHS = NO;
				CLANG_CXX_LANGUAGE_STANDARD = "gnu++0x";
				CLANG_CXX_LIBRARY = "libc++";
				CLANG_ENABLE_MODULES = YES;
				CLANG_ENABLE_OBJC_ARC = YES;
				CLANG_WARN_BOOL_CONVERSION = YES;
				CLANG_WARN_CONSTANT_CONVERSION = YES;
				CLANG_WARN_DIRECT_OBJC_ISA_USAGE = YES_ERROR;
				CLANG_WARN_EMPTY_BODY = YES;
				CLANG_WARN_ENUM_CONVERSION = YES;
				CLANG_WARN_INT_CONVERSION = YES;
				CLANG_WARN_OBJC_ROOT_CLASS = YES_ERROR;
				CLANG_WARN_UNREACHABLE_CODE = YES;
				CLANG_WARN__DUPLICATE_METHOD_MATCH = YES;
				"CODE_SIGN_IDENTITY[sdk=iphoneos*]" = "iPhone Developer";
				COPY_PHASE_STRIP = NO;
				DEBUG_INFORMATION_FORMAT = "dwarf-with-dsym";
				ENABLE_NS_ASSERTIONS = NO;
				ENABLE_STRICT_OBJC_MSGSEND = YES;
				GCC_C_LANGUAGE_STANDARD = gnu99;
				GCC_NO_COMMON_BLOCKS = YES;
				GCC_WARN_64_TO_32_BIT_CONVERSION = YES;
				GCC_WARN_ABOUT_RETURN_TYPE = YES_ERROR;
				GCC_WARN_UNDECLARED_SELECTOR = YES;
				GCC_WARN_UNINITIALIZED_AUTOS = YES_AGGRESSIVE;
				GCC_WARN_UNUSED_FUNCTION = YES;
				GCC_WARN_UNUSED_VARIABLE = YES;
				IPHONEOS_DEPLOYMENT_TARGET = 9.1;
				MTL_ENABLE_DEBUG_INFO = NO;
				SDKROOT = iphoneos;
				VALIDATE_PRODUCT = YES;
			};
			name = Release;
		};
		85EF68481C0C2B08003EB749 /* Debug */ = {
			isa = XCBuildConfiguration;
			buildSettings = {
				ASSETCATALOG_COMPILER_APPICON_NAME = AppIcon;
				INFOPLIST_FILE = "Day02_插件测试/Info.plist";
				LD_RUNPATH_SEARCH_PATHS = "$(inherited) @executable_path/Frameworks";
				PRODUCT_BUNDLE_IDENTIFIER = "com.tarena.Day02-----";
				PRODUCT_NAME = "$(TARGET_NAME)";
			};
			name = Debug;
		};
		85EF68491C0C2B08003EB749 /* Release */ = {
			isa = XCBuildConfiguration;
			buildSettings = {
				ASSETCATALOG_COMPILER_APPICON_NAME = AppIcon;
				INFOPLIST_FILE = "Day02_插件测试/Info.plist";
				LD_RUNPATH_SEARCH_PATHS = "$(inherited) @executable_path/Frameworks";
				PRODUCT_BUNDLE_IDENTIFIER = "com.tarena.Day02-----";
				PRODUCT_NAME = "$(TARGET_NAME)";
			};
			name = Release;
		};
		85EF684B1C0C2B08003EB749 /* Debug */ = {
			isa = XCBuildConfiguration;
			buildSettings = {
				BUNDLE_LOADER = "$(TEST_HOST)";
				INFOPLIST_FILE = "Day02_插件测试Tests/Info.plist";
				LD_RUNPATH_SEARCH_PATHS = "$(inherited) @executable_path/Frameworks @loader_path/Frameworks";
				PRODUCT_BUNDLE_IDENTIFIER = "com.tarena.Day02-----Tests";
				PRODUCT_NAME = "$(TARGET_NAME)";
				TEST_HOST = "$(BUILT_PRODUCTS_DIR)/Day02_插件测试.app/Day02_插件测试";
			};
			name = Debug;
		};
		85EF684C1C0C2B08003EB749 /* Release */ = {
			isa = XCBuildConfiguration;
			buildSettings = {
				BUNDLE_LOADER = "$(TEST_HOST)";
				INFOPLIST_FILE = "Day02_插件测试Tests/Info.plist";
				LD_RUNPATH_SEARCH_PATHS = "$(inherited) @executable_path/Frameworks @loader_path/Frameworks";
				PRODUCT_BUNDLE_IDENTIFIER = "com.tarena.Day02-----Tests";
				PRODUCT_NAME = "$(TARGET_NAME)";
				TEST_HOST = "$(BUILT_PRODUCTS_DIR)/Day02_插件测试.app/Day02_插件测试";
			};
			name = Release;
		};
		85EF684E1C0C2B08003EB749 /* Debug */ = {
			isa = XCBuildConfiguration;
			buildSettings = {
				INFOPLIST_FILE = "Day02_插件测试UITests/Info.plist";
				LD_RUNPATH_SEARCH_PATHS = "$(inherited) @executable_path/Frameworks @loader_path/Frameworks";
				PRODUCT_BUNDLE_IDENTIFIER = "com.tarena.Day02-----UITests";
				PRODUCT_NAME = "$(TARGET_NAME)";
				TEST_TARGET_NAME = "Day02_插件测试";
				USES_XCTRUNNER = YES;
			};
			name = Debug;
		};
		85EF684F1C0C2B08003EB749 /* Release */ = {
			isa = XCBuildConfiguration;
			buildSettings = {
				INFOPLIST_FILE = "Day02_插件测试UITests/Info.plist";
				LD_RUNPATH_SEARCH_PATHS = "$(inherited) @executable_path/Frameworks @loader_path/Frameworks";
				PRODUCT_BUNDLE_IDENTIFIER = "com.tarena.Day02-----UITests";
				PRODUCT_NAME = "$(TARGET_NAME)";
				TEST_TARGET_NAME = "Day02_插件测试";
				USES_XCTRUNNER = YES;
			};
			name = Release;
		};
/* End XCBuildConfiguration section */

/* Begin XCConfigurationList section */
		85EF68151C0C2B08003EB749 /* Build configuration list for PBXProject "Day02_插件测试" */ = {
			isa = XCConfigurationList;
			buildConfigurations = (
				85EF68451C0C2B08003EB749 /* Debug */,
				85EF68461C0C2B08003EB749 /* Release */,
			);
			defaultConfigurationIsVisible = 0;
			defaultConfigurationName = Release;
		};
		85EF68471C0C2B08003EB749 /* Build configuration list for PBXNativeTarget "Day02_插件测试" */ = {
			isa = XCConfigurationList;
			buildConfigurations = (
				85EF68481C0C2B08003EB749 /* Debug */,
				85EF68491C0C2B08003EB749 /* Release */,
			);
			defaultConfigurationIsVisible = 0;
		};
		85EF684A1C0C2B08003EB749 /* Build configuration list for PBXNativeTarget "Day02_插件测试Tests" */ = {
			isa = XCConfigurationList;
			buildConfigurations = (
				85EF684B1C0C2B08003EB749 /* Debug */,
				85EF684C1C0C2B08003EB749 /* Release */,
			);
			defaultConfigurationIsVisible = 0;
		};
		85EF684D1C0C2B08003EB749 /* Build configuration list for PBXNativeTarget "Day02_插件测试UITests" */ = {
			isa = XCConfigurationList;
			buildConfigurations = (
				85EF684E1C0C2B08003EB749 /* Debug */,
				85EF684F1C0C2B08003EB749 /* Release */,
			);
			defaultConfigurationIsVisible = 0;
		};
/* End XCConfigurationList section */
	};
	rootObject = 85EF68121C0C2B08003EB749 /* Project object */;
}
